
Microsoft Visual Studio Solution File, Format Version 12.00
# Visual Studio Version 17
VisualStudioVersion = 17.13.35931.197
MinimumVisualStudioVersion = 10.0.40219.1
Project("{2150E333-8FDC-42A3-9474-1A3956D46DE8}") = "src", "src", "{02EA681E-C7D8-13C7-8484-4AC65E1B71E8}"
EndProject
Project("{2150E333-8FDC-42A3-9474-1A3956D46DE8}") = "Tests", "Tests", "{0D71B8AC-B1E3-471E-907B-9012CFB51122}"
EndProject
Project("{FAE04EC0-301F-11D3-BF4B-00C04F79EFBC}") = "ToDoList.Api", "src\ToDoList.Api\ToDoList.Api.csproj", "{6F8DE747-5964-4F59-BE1A-F2B0B0522E70}"
EndProject
Project("{FAE04EC0-301F-11D3-BF4B-00C04F79EFBC}") = "ToDoList.Application", "src\ToDoList.Application\ToDoList.Application.csproj", "{0EE44904-1806-4250-8434-EA4D25758319}"
EndProject
Project("{FAE04EC0-301F-11D3-BF4B-00C04F79EFBC}") = "ToDoList.Infrastructure", "src\ToDoList.Infrastructure\ToDoList.Infrastructure.csproj", "{F2BF515F-7183-4512-A82F-F39094D89B98}"
EndProject
Project("{FAE04EC0-301F-11D3-BF4B-00C04F79EFBC}") = "ToDoList.Domain", "src\ToDoList.Domain\ToDoList.Domain.csproj", "{3BAE93BA-1AA5-4BAE-BEB2-FB3040B50C23}"
EndProject
Project("{FAE04EC0-301F-11D3-BF4B-00C04F79EFBC}") = "ToDoList.Core", "src\ToDoList.Core\ToDoList.Core.csproj", "{03A7C074-22C6-4DEF-BA17-73BDC411CD46}"
EndProject
Project("{FAE04EC0-301F-11D3-BF4B-00C04F79EFBC}") = "ToDoList.Tests", "Tests\ToDoList.Tests\ToDoList.Tests.csproj", "{9BC1F12D-9DAB-46F4-89B3-15850C925074}"
EndProject
Global
	GlobalSection(SolutionConfigurationPlatforms) = preSolution
		Debug|Any CPU = Debug|Any CPU
		Release|Any CPU = Release|Any CPU
	EndGlobalSection
	GlobalSection(ProjectConfigurationPlatforms) = postSolution
		{6F8DE747-5964-4F59-BE1A-F2B0B0522E70}.Debug|Any CPU.ActiveCfg = Debug|Any CPU
		{6F8DE747-5964-4F59-BE1A-F2B0B0522E70}.Debug|Any CPU.Build.0 = Debug|Any CPU
		{6F8DE747-5964-4F59-BE1A-F2B0B0522E70}.Release|Any CPU.ActiveCfg = Release|Any CPU
		{6F8DE747-5964-4F59-BE1A-F2B0B0522E70}.Release|Any CPU.Build.0 = Release|Any CPU
		{0EE44904-1806-4250-8434-EA4D25758319}.Debug|Any CPU.ActiveCfg = Debug|Any CPU
		{0EE44904-1806-4250-8434-EA4D25758319}.Debug|Any CPU.Build.0 = Debug|Any CPU
		{0EE44904-1806-4250-8434-EA4D25758319}.Release|Any CPU.ActiveCfg = Release|Any CPU
		{0EE44904-1806-4250-8434-EA4D25758319}.Release|Any CPU.Build.0 = Release|Any CPU
		{F2BF515F-7183-4512-A82F-F39094D89B98}.Debug|Any CPU.ActiveCfg = Debug|Any CPU
		{F2BF515F-7183-4512-A82F-F39094D89B98}.Debug|Any CPU.Build.0 = Debug|Any CPU
		{F2BF515F-7183-4512-A82F-F39094D89B98}.Release|Any CPU.ActiveCfg = Release|Any CPU
		{F2BF515F-7183-4512-A82F-F39094D89B98}.Release|Any CPU.Build.0 = Release|Any CPU
		{3BAE93BA-1AA5-4BAE-BEB2-FB3040B50C23}.Debug|Any CPU.ActiveCfg = Debug|Any CPU
		{3BAE93BA-1AA5-4BAE-BEB2-FB3040B50C23}.Debug|Any CPU.Build.0 = Debug|Any CPU
		{3BAE93BA-1AA5-4BAE-BEB2-FB3040B50C23}.Release|Any CPU.ActiveCfg = Release|Any CPU
		{3BAE93BA-1AA5-4BAE-BEB2-FB3040B50C23}.Release|Any CPU.Build.0 = Release|Any CPU
		{03A7C074-22C6-4DEF-BA17-73BDC411CD46}.Debug|Any CPU.ActiveCfg = Debug|Any CPU
		{03A7C074-22C6-4DEF-BA17-73BDC411CD46}.Debug|Any CPU.Build.0 = Debug|Any CPU
		{03A7C074-22C6-4DEF-BA17-73BDC411CD46}.Release|Any CPU.ActiveCfg = Release|Any CPU
		{03A7C074-22C6-4DEF-BA17-73BDC411CD46}.Release|Any CPU.Build.0 = Release|Any CPU
		{9BC1F12D-9DAB-46F4-89B3-15850C925074}.Debug|Any CPU.ActiveCfg = Debug|Any CPU
		{9BC1F12D-9DAB-46F4-89B3-15850C925074}.Debug|Any CPU.Build.0 = Debug|Any CPU
		{9BC1F12D-9DAB-46F4-89B3-15850C925074}.Release|Any CPU.ActiveCfg = Release|Any CPU
		{9BC1F12D-9DAB-46F4-89B3-15850C925074}.Release|Any CPU.Build.0 = Release|Any CPU
	EndGlobalSection
	GlobalSection(SolutionProperties) = preSolution
		HideSolutionNode = FALSE
	EndGlobalSection
	GlobalSection(NestedProjects) = preSolution
		{6F8DE747-5964-4F59-BE1A-F2B0B0522E70} = {02EA681E-C7D8-13C7-8484-4AC65E1B71E8}
		{0EE44904-1806-4250-8434-EA4D25758319} = {02EA681E-C7D8-13C7-8484-4AC65E1B71E8}
		{F2BF515F-7183-4512-A82F-F39094D89B98} = {02EA681E-C7D8-13C7-8484-4AC65E1B71E8}
		{3BAE93BA-1AA5-4BAE-BEB2-FB3040B50C23} = {02EA681E-C7D8-13C7-8484-4AC65E1B71E8}
		{03A7C074-22C6-4DEF-BA17-73BDC411CD46} = {02EA681E-C7D8-13C7-8484-4AC65E1B71E8}
		{9BC1F12D-9DAB-46F4-89B3-15850C925074} = {0D71B8AC-B1E3-471E-907B-9012CFB51122}
	EndGlobalSection
	GlobalSection(ExtensibilityGlobals) = postSolution
		SolutionGuid = {6D75AEA2-10CA-4A18-8009-D94F9F2DB6BD}
	EndGlobalSection
EndGlobal
